
Microsoft Visual Studio Solution File, Format Version 12.00
# Visual Studio Version 17
VisualStudioVersion = 17.14.36301.6 d17.14
MinimumVisualStudioVersion = 10.0.40219.1
Project("{FAE04EC0-301F-11D3-BF4B-00C04F79EFBC}") = "C#.NET Challenge", "C#.NET Challenge\C#.NET Challenge.csproj", "{7F8A91EC-70F7-4F19-99B6-36450EE1AD87}"
EndProject
Global
	GlobalSection(SolutionConfigurationPlatforms) = preSolution
		Debug|Any CPU = Debug|Any CPU
		Release|Any CPU = Release|Any CPU
	EndGlobalSection
	GlobalSection(ProjectConfigurationPlatforms) = postSolution
		{7F8A91EC-70F7-4F19-99B6-36450EE1AD87}.Debug|Any CPU.ActiveCfg = Debug|Any CPU
		{7F8A91EC-70F7-4F19-99B6-36450EE1AD87}.Debug|Any CPU.Build.0 = Debug|Any CPU
		{7F8A91EC-70F7-4F19-99B6-36450EE1AD87}.Release|Any CPU.ActiveCfg = Release|Any CPU
		{7F8A91EC-70F7-4F19-99B6-36450EE1AD87}.Release|Any CPU.Build.0 = Release|Any CPU
	EndGlobalSection
	GlobalSection(SolutionProperties) = preSolution
		HideSolutionNode = FALSE
	EndGlobalSection
	GlobalSection(ExtensibilityGlobals) = postSolution
		SolutionGuid = {CF0B5284-6057-4937-9EFF-75E8B39D1490}
	EndGlobalSection
EndGlobal
