
Microsoft Visual Studio Solution File, Format Version 12.00
# Visual Studio Version 17
VisualStudioVersion = 17.14.36121.58 d17.14
MinimumVisualStudioVersion = 10.0.40219.1
Project("{FAE04EC0-301F-11D3-BF4B-00C04F79EFBC}") = "Lambda", "Lambda\Lambda.csproj", "{3527504E-7A04-43BA-8048-266478B4CB8C}"
EndProject
Global
	GlobalSection(SolutionConfigurationPlatforms) = preSolution
		Debug|Any CPU = Debug|Any CPU
		Release|Any CPU = Release|Any CPU
	EndGlobalSection
	GlobalSection(ProjectConfigurationPlatforms) = postSolution
		{3527504E-7A04-43BA-8048-266478B4CB8C}.Debug|Any CPU.ActiveCfg = Debug|Any CPU
		{3527504E-7A04-43BA-8048-266478B4CB8C}.Debug|Any CPU.Build.0 = Debug|Any CPU
		{3527504E-7A04-43BA-8048-266478B4CB8C}.Release|Any CPU.ActiveCfg = Release|Any CPU
		{3527504E-7A04-43BA-8048-266478B4CB8C}.Release|Any CPU.Build.0 = Release|Any CPU
	EndGlobalSection
	GlobalSection(SolutionProperties) = preSolution
		HideSolutionNode = FALSE
	EndGlobalSection
	GlobalSection(ExtensibilityGlobals) = postSolution
		SolutionGuid = {3C0A2FB7-3895-4D1C-809D-D4097606832B}
	EndGlobalSection
EndGlobal
